// !$*UTF8*$!
{
	archiveVersion = 1;
	classes = {
	};
	objectVersion = 56;
	objects = {

/* Begin PBXBuildFile section */
		10F6E54F2AB359C400216103 /* CommentView.swift in Sources */ = {isa = PBXBuildFile; fileRef = 10F6E54E2AB359C400216103 /* CommentView.swift */; };
		1FB0F82C2AB01483004AB459 /* NatureIDApp.swift in Sources */ = {isa = PBXBuildFile; fileRef = 1FB0F82B2AB01483004AB459 /* NatureIDApp.swift */; };
		1FB0F82E2AB01483004AB459 /* ContentView.swift in Sources */ = {isa = PBXBuildFile; fileRef = 1FB0F82D2AB01483004AB459 /* ContentView.swift */; };
		1FB0F8302AB01488004AB459 /* Assets.xcassets in Resources */ = {isa = PBXBuildFile; fileRef = 1FB0F82F2AB01488004AB459 /* Assets.xcassets */; };
		1FB0F8332AB01488004AB459 /* Preview Assets.xcassets in Resources */ = {isa = PBXBuildFile; fileRef = 1FB0F8322AB01488004AB459 /* Preview Assets.xcassets */; };
		1FB0F83D2AB0166F004AB459 /* User.swift in Sources */ = {isa = PBXBuildFile; fileRef = 1FB0F83C2AB0166F004AB459 /* User.swift */; };
		1FB0F83F2AB01864004AB459 /* GoogleService-Info.plist in Resources */ = {isa = PBXBuildFile; fileRef = 1FB0F83E2AB01863004AB459 /* GoogleService-Info.plist */; };
		1FB0F8422AB01AC3004AB459 /* FirebaseAuth in Frameworks */ = {isa = PBXBuildFile; productRef = 1FB0F8412AB01AC3004AB459 /* FirebaseAuth */; };
		1FB0F8442AB01AC3004AB459 /* FirebaseFirestore in Frameworks */ = {isa = PBXBuildFile; productRef = 1FB0F8432AB01AC3004AB459 /* FirebaseFirestore */; };
		1FB0F8462AB01AC3004AB459 /* FirebaseFirestoreCombine-Community in Frameworks */ = {isa = PBXBuildFile; productRef = 1FB0F8452AB01AC3004AB459 /* FirebaseFirestoreCombine-Community */; };
		1FB0F8482AB01AC3004AB459 /* FirebaseFirestoreSwift in Frameworks */ = {isa = PBXBuildFile; productRef = 1FB0F8472AB01AC3004AB459 /* FirebaseFirestoreSwift */; };
		1FB0F84A2AB01AC3004AB459 /* FirebaseStorage in Frameworks */ = {isa = PBXBuildFile; productRef = 1FB0F8492AB01AC3004AB459 /* FirebaseStorage */; };
		1FB0F84C2AB01AC3004AB459 /* FirebaseStorageCombine-Community in Frameworks */ = {isa = PBXBuildFile; productRef = 1FB0F84B2AB01AC3004AB459 /* FirebaseStorageCombine-Community */; };
		1FB0F84E2AB03457004AB459 /* NavbarButton.swift in Sources */ = {isa = PBXBuildFile; fileRef = 1FB0F84D2AB03457004AB459 /* NavbarButton.swift */; };
		1FB0F8542AB06CA7004AB459 /* SplashScreenView.swift in Sources */ = {isa = PBXBuildFile; fileRef = 1FB0F8532AB06CA7004AB459 /* SplashScreenView.swift */; };
		1FB0F8582AB09EBC004AB459 /* Post.swift in Sources */ = {isa = PBXBuildFile; fileRef = 1FB0F8572AB09EBC004AB459 /* Post.swift */; };
		1FB0F85A2AB09FC6004AB459 /* Comment.swift in Sources */ = {isa = PBXBuildFile; fileRef = 1FB0F8592AB09FC6004AB459 /* Comment.swift */; };
		1FB0F85C2AB1905D004AB459 /* RegisterView.swift in Sources */ = {isa = PBXBuildFile; fileRef = 1FB0F85B2AB1905D004AB459 /* RegisterView.swift */; };
		1FB0F8672AB1EB52004AB459 /* ImageManager.swift in Sources */ = {isa = PBXBuildFile; fileRef = 1FB0F8652AB1EB52004AB459 /* ImageManager.swift */; };
		1FB0F8682AB1EB52004AB459 /* SessionManager.swift in Sources */ = {isa = PBXBuildFile; fileRef = 1FB0F8662AB1EB52004AB459 /* SessionManager.swift */; };
		1FB0F86A2AB1EBBF004AB459 /* LoginView.swift in Sources */ = {isa = PBXBuildFile; fileRef = 1FB0F8692AB1EBBF004AB459 /* LoginView.swift */; };
		1FB0F86C2AB2F154004AB459 /* UserView.swift in Sources */ = {isa = PBXBuildFile; fileRef = 1FB0F86B2AB2F154004AB459 /* UserView.swift */; };
		1FB0F8732AB2FC0C004AB459 /* UserViewModel.swift in Sources */ = {isa = PBXBuildFile; fileRef = 1FB0F8722AB2FC0C004AB459 /* UserViewModel.swift */; };
/* End PBXBuildFile section */

/* Begin PBXFileReference section */
		10F6E54E2AB359C400216103 /* CommentView.swift */ = {isa = PBXFileReference; lastKnownFileType = sourcecode.swift; path = CommentView.swift; sourceTree = "<group>"; };
		1FB0F8282AB01483004AB459 /* NatureID.app */ = {isa = PBXFileReference; explicitFileType = wrapper.application; includeInIndex = 0; path = NatureID.app; sourceTree = BUILT_PRODUCTS_DIR; };
		1FB0F82B2AB01483004AB459 /* NatureIDApp.swift */ = {isa = PBXFileReference; lastKnownFileType = sourcecode.swift; path = NatureIDApp.swift; sourceTree = "<group>"; };
		1FB0F82D2AB01483004AB459 /* ContentView.swift */ = {isa = PBXFileReference; lastKnownFileType = sourcecode.swift; path = ContentView.swift; sourceTree = "<group>"; };
		1FB0F82F2AB01488004AB459 /* Assets.xcassets */ = {isa = PBXFileReference; lastKnownFileType = folder.assetcatalog; path = Assets.xcassets; sourceTree = "<group>"; };
		1FB0F8322AB01488004AB459 /* Preview Assets.xcassets */ = {isa = PBXFileReference; lastKnownFileType = folder.assetcatalog; path = "Preview Assets.xcassets"; sourceTree = "<group>"; };
		1FB0F83C2AB0166F004AB459 /* User.swift */ = {isa = PBXFileReference; lastKnownFileType = sourcecode.swift; path = User.swift; sourceTree = "<group>"; };
		1FB0F83E2AB01863004AB459 /* GoogleService-Info.plist */ = {isa = PBXFileReference; fileEncoding = 4; lastKnownFileType = text.plist.xml; path = "GoogleService-Info.plist"; sourceTree = "<group>"; };
		1FB0F84D2AB03457004AB459 /* NavbarButton.swift */ = {isa = PBXFileReference; lastKnownFileType = sourcecode.swift; path = NavbarButton.swift; sourceTree = "<group>"; };
		1FB0F8532AB06CA7004AB459 /* SplashScreenView.swift */ = {isa = PBXFileReference; lastKnownFileType = sourcecode.swift; path = SplashScreenView.swift; sourceTree = "<group>"; };
		1FB0F8572AB09EBC004AB459 /* Post.swift */ = {isa = PBXFileReference; lastKnownFileType = sourcecode.swift; path = Post.swift; sourceTree = "<group>"; };
		1FB0F8592AB09FC6004AB459 /* Comment.swift */ = {isa = PBXFileReference; lastKnownFileType = sourcecode.swift; path = Comment.swift; sourceTree = "<group>"; };
		1FB0F85B2AB1905D004AB459 /* RegisterView.swift */ = {isa = PBXFileReference; lastKnownFileType = sourcecode.swift; path = RegisterView.swift; sourceTree = "<group>"; };
		1FB0F8652AB1EB52004AB459 /* ImageManager.swift */ = {isa = PBXFileReference; fileEncoding = 4; lastKnownFileType = sourcecode.swift; path = ImageManager.swift; sourceTree = "<group>"; };
		1FB0F8662AB1EB52004AB459 /* SessionManager.swift */ = {isa = PBXFileReference; fileEncoding = 4; lastKnownFileType = sourcecode.swift; path = SessionManager.swift; sourceTree = "<group>"; };
		1FB0F8692AB1EBBF004AB459 /* LoginView.swift */ = {isa = PBXFileReference; fileEncoding = 4; lastKnownFileType = sourcecode.swift; path = LoginView.swift; sourceTree = "<group>"; };
		1FB0F86B2AB2F154004AB459 /* UserView.swift */ = {isa = PBXFileReference; lastKnownFileType = sourcecode.swift; path = UserView.swift; sourceTree = "<group>"; };
		1FB0F8722AB2FC0C004AB459 /* UserViewModel.swift */ = {isa = PBXFileReference; lastKnownFileType = sourcecode.swift; path = UserViewModel.swift; sourceTree = "<group>"; };
/* End PBXFileReference section */

/* Begin PBXFrameworksBuildPhase section */
		1FB0F8252AB01483004AB459 /* Frameworks */ = {
			isa = PBXFrameworksBuildPhase;
			buildActionMask = 2147483647;
			files = (
				1FB0F8462AB01AC3004AB459 /* FirebaseFirestoreCombine-Community in Frameworks */,
				1FB0F8422AB01AC3004AB459 /* FirebaseAuth in Frameworks */,
				1FB0F8442AB01AC3004AB459 /* FirebaseFirestore in Frameworks */,
				1FB0F84A2AB01AC3004AB459 /* FirebaseStorage in Frameworks */,
				1FB0F84C2AB01AC3004AB459 /* FirebaseStorageCombine-Community in Frameworks */,
				1FB0F8482AB01AC3004AB459 /* FirebaseFirestoreSwift in Frameworks */,
			);
			runOnlyForDeploymentPostprocessing = 0;
		};
/* End PBXFrameworksBuildPhase section */

/* Begin PBXGroup section */
		1FB0F81F2AB01483004AB459 = {
			isa = PBXGroup;
			children = (
				1FB0F82A2AB01483004AB459 /* NatureID */,
				1FB0F8292AB01483004AB459 /* Products */,
			);
			sourceTree = "<group>";
		};
		1FB0F8292AB01483004AB459 /* Products */ = {
			isa = PBXGroup;
			children = (
				1FB0F8282AB01483004AB459 /* NatureID.app */,
			);
			name = Products;
			sourceTree = "<group>";
		};
		1FB0F82A2AB01483004AB459 /* NatureID */ = {
			isa = PBXGroup;
			children = (
				1FB0F8642AB1EB42004AB459 /* ViewModel */,
				1FB0F83E2AB01863004AB459 /* GoogleService-Info.plist */,
				1FB0F83B2AB014E1004AB459 /* View */,
				1FB0F8392AB014BD004AB459 /* Model */,
				1FB0F82B2AB01483004AB459 /* NatureIDApp.swift */,
				1FB0F82D2AB01483004AB459 /* ContentView.swift */,
				1FB0F82F2AB01488004AB459 /* Assets.xcassets */,
				1FB0F8312AB01488004AB459 /* Preview Content */,
			);
			path = NatureID;
			sourceTree = "<group>";
		};
		1FB0F8312AB01488004AB459 /* Preview Content */ = {
			isa = PBXGroup;
			children = (
				1FB0F8322AB01488004AB459 /* Preview Assets.xcassets */,
			);
			path = "Preview Content";
			sourceTree = "<group>";
		};
		1FB0F8392AB014BD004AB459 /* Model */ = {
			isa = PBXGroup;
			children = (
				1FB0F83C2AB0166F004AB459 /* User.swift */,
				1FB0F8572AB09EBC004AB459 /* Post.swift */,
				1FB0F8592AB09FC6004AB459 /* Comment.swift */,
			);
			path = Model;
			sourceTree = "<group>";
		};
		1FB0F83B2AB014E1004AB459 /* View */ = {
			isa = PBXGroup;
			children = (
				1FB0F84D2AB03457004AB459 /* NavbarButton.swift */,
				1FB0F8532AB06CA7004AB459 /* SplashScreenView.swift */,
				1FB0F8692AB1EBBF004AB459 /* LoginView.swift */,
				1FB0F85B2AB1905D004AB459 /* RegisterView.swift */,
				1FB0F86B2AB2F154004AB459 /* UserView.swift */,
				10F6E54E2AB359C400216103 /* CommentView.swift */,
			);
			path = View;
			sourceTree = "<group>";
		};
		1FB0F8642AB1EB42004AB459 /* ViewModel */ = {
			isa = PBXGroup;
			children = (
				1FB0F8652AB1EB52004AB459 /* ImageManager.swift */,
				1FB0F8662AB1EB52004AB459 /* SessionManager.swift */,
				1FB0F8722AB2FC0C004AB459 /* UserViewModel.swift */,
			);
			path = ViewModel;
			sourceTree = "<group>";
		};
/* End PBXGroup section */

/* Begin PBXNativeTarget section */
		1FB0F8272AB01483004AB459 /* NatureID */ = {
			isa = PBXNativeTarget;
			buildConfigurationList = 1FB0F8362AB01488004AB459 /* Build configuration list for PBXNativeTarget "NatureID" */;
			buildPhases = (
				1FB0F8242AB01483004AB459 /* Sources */,
				1FB0F8252AB01483004AB459 /* Frameworks */,
				1FB0F8262AB01483004AB459 /* Resources */,
			);
			buildRules = (
			);
			dependencies = (
			);
			name = NatureID;
			packageProductDependencies = (
				1FB0F8412AB01AC3004AB459 /* FirebaseAuth */,
				1FB0F8432AB01AC3004AB459 /* FirebaseFirestore */,
				1FB0F8452AB01AC3004AB459 /* FirebaseFirestoreCombine-Community */,
				1FB0F8472AB01AC3004AB459 /* FirebaseFirestoreSwift */,
				1FB0F8492AB01AC3004AB459 /* FirebaseStorage */,
				1FB0F84B2AB01AC3004AB459 /* FirebaseStorageCombine-Community */,
			);
			productName = NatureID;
			productReference = 1FB0F8282AB01483004AB459 /* NatureID.app */;
			productType = "com.apple.product-type.application";
		};
/* End PBXNativeTarget section */

/* Begin PBXProject section */
		1FB0F8202AB01483004AB459 /* Project object */ = {
			isa = PBXProject;
			attributes = {
				BuildIndependentTargetsInParallel = 1;
				LastSwiftUpdateCheck = 1430;
				LastUpgradeCheck = 1430;
				TargetAttributes = {
					1FB0F8272AB01483004AB459 = {
						CreatedOnToolsVersion = 14.3.1;
					};
				};
			};
			buildConfigurationList = 1FB0F8232AB01483004AB459 /* Build configuration list for PBXProject "NatureID" */;
			compatibilityVersion = "Xcode 14.0";
			developmentRegion = en;
			hasScannedForEncodings = 0;
			knownRegions = (
				en,
				Base,
			);
			mainGroup = 1FB0F81F2AB01483004AB459;
			packageReferences = (
				1FB0F8402AB01AC3004AB459 /* XCRemoteSwiftPackageReference "firebase-ios-sdk" */,
			);
			productRefGroup = 1FB0F8292AB01483004AB459 /* Products */;
			projectDirPath = "";
			projectRoot = "";
			targets = (
				1FB0F8272AB01483004AB459 /* NatureID */,
			);
		};
/* End PBXProject section */

/* Begin PBXResourcesBuildPhase section */
		1FB0F8262AB01483004AB459 /* Resources */ = {
			isa = PBXResourcesBuildPhase;
			buildActionMask = 2147483647;
			files = (
				1FB0F8332AB01488004AB459 /* Preview Assets.xcassets in Resources */,
				1FB0F8302AB01488004AB459 /* Assets.xcassets in Resources */,
				1FB0F83F2AB01864004AB459 /* GoogleService-Info.plist in Resources */,
			);
			runOnlyForDeploymentPostprocessing = 0;
		};
/* End PBXResourcesBuildPhase section */

/* Begin PBXSourcesBuildPhase section */
		1FB0F8242AB01483004AB459 /* Sources */ = {
			isa = PBXSourcesBuildPhase;
			buildActionMask = 2147483647;
			files = (
				1FB0F85C2AB1905D004AB459 /* RegisterView.swift in Sources */,
				1FB0F8682AB1EB52004AB459 /* SessionManager.swift in Sources */,
				1FB0F8672AB1EB52004AB459 /* ImageManager.swift in Sources */,
				10F6E54F2AB359C400216103 /* CommentView.swift in Sources */,
				1FB0F82E2AB01483004AB459 /* ContentView.swift in Sources */,
				1FB0F82C2AB01483004AB459 /* NatureIDApp.swift in Sources */,
				1FB0F83D2AB0166F004AB459 /* User.swift in Sources */,
				1FB0F85A2AB09FC6004AB459 /* Comment.swift in Sources */,
				1FB0F86C2AB2F154004AB459 /* UserView.swift in Sources */,
				1FB0F84E2AB03457004AB459 /* NavbarButton.swift in Sources */,
				1FB0F8732AB2FC0C004AB459 /* UserViewModel.swift in Sources */,
				1FB0F86A2AB1EBBF004AB459 /* LoginView.swift in Sources */,
				1FB0F8582AB09EBC004AB459 /* Post.swift in Sources */,
				1FB0F8542AB06CA7004AB459 /* SplashScreenView.swift in Sources */,
			);
			runOnlyForDeploymentPostprocessing = 0;
		};
/* End PBXSourcesBuildPhase section */

/* Begin XCBuildConfiguration section */
		1FB0F8342AB01488004AB459 /* Debug */ = {
			isa = XCBuildConfiguration;
			buildSettings = {
				ALWAYS_SEARCH_USER_PATHS = NO;
				CLANG_ANALYZER_NONNULL = YES;
				CLANG_ANALYZER_NUMBER_OBJECT_CONVERSION = YES_AGGRESSIVE;
				CLANG_CXX_LANGUAGE_STANDARD = "gnu++20";
				CLANG_ENABLE_MODULES = YES;
				CLANG_ENABLE_OBJC_ARC = YES;
				CLANG_ENABLE_OBJC_WEAK = YES;
				CLANG_WARN_BLOCK_CAPTURE_AUTORELEASING = YES;
				CLANG_WARN_BOOL_CONVERSION = YES;
				CLANG_WARN_COMMA = YES;
				CLANG_WARN_CONSTANT_CONVERSION = YES;
				CLANG_WARN_DEPRECATED_OBJC_IMPLEMENTATIONS = YES;
				CLANG_WARN_DIRECT_OBJC_ISA_USAGE = YES_ERROR;
				CLANG_WARN_DOCUMENTATION_COMMENTS = YES;
				CLANG_WARN_EMPTY_BODY = YES;
				CLANG_WARN_ENUM_CONVERSION = YES;
				CLANG_WARN_INFINITE_RECURSION = YES;
				CLANG_WARN_INT_CONVERSION = YES;
				CLANG_WARN_NON_LITERAL_NULL_CONVERSION = YES;
				CLANG_WARN_OBJC_IMPLICIT_RETAIN_SELF = YES;
				CLANG_WARN_OBJC_LITERAL_CONVERSION = YES;
				CLANG_WARN_OBJC_ROOT_CLASS = YES_ERROR;
				CLANG_WARN_QUOTED_INCLUDE_IN_FRAMEWORK_HEADER = YES;
				CLANG_WARN_RANGE_LOOP_ANALYSIS = YES;
				CLANG_WARN_STRICT_PROTOTYPES = YES;
				CLANG_WARN_SUSPICIOUS_MOVE = YES;
				CLANG_WARN_UNGUARDED_AVAILABILITY = YES_AGGRESSIVE;
				CLANG_WARN_UNREACHABLE_CODE = YES;
				CLANG_WARN__DUPLICATE_METHOD_MATCH = YES;
				COPY_PHASE_STRIP = NO;
				DEBUG_INFORMATION_FORMAT = dwarf;
				ENABLE_STRICT_OBJC_MSGSEND = YES;
				ENABLE_TESTABILITY = YES;
				GCC_C_LANGUAGE_STANDARD = gnu11;
				GCC_DYNAMIC_NO_PIC = NO;
				GCC_NO_COMMON_BLOCKS = YES;
				GCC_OPTIMIZATION_LEVEL = 0;
				GCC_PREPROCESSOR_DEFINITIONS = (
					"DEBUG=1",
					"$(inherited)",
				);
				GCC_WARN_64_TO_32_BIT_CONVERSION = YES;
				GCC_WARN_ABOUT_RETURN_TYPE = YES_ERROR;
				GCC_WARN_UNDECLARED_SELECTOR = YES;
				GCC_WARN_UNINITIALIZED_AUTOS = YES_AGGRESSIVE;
				GCC_WARN_UNUSED_FUNCTION = YES;
				GCC_WARN_UNUSED_VARIABLE = YES;
				IPHONEOS_DEPLOYMENT_TARGET = 16.4;
				MTL_ENABLE_DEBUG_INFO = INCLUDE_SOURCE;
				MTL_FAST_MATH = YES;
				ONLY_ACTIVE_ARCH = YES;
				SDKROOT = iphoneos;
				SWIFT_ACTIVE_COMPILATION_CONDITIONS = DEBUG;
				SWIFT_OPTIMIZATION_LEVEL = "-Onone";
			};
			name = Debug;
		};
		1FB0F8352AB01488004AB459 /* Release */ = {
			isa = XCBuildConfiguration;
			buildSettings = {
				ALWAYS_SEARCH_USER_PATHS = NO;
				CLANG_ANALYZER_NONNULL = YES;
				CLANG_ANALYZER_NUMBER_OBJECT_CONVERSION = YES_AGGRESSIVE;
				CLANG_CXX_LANGUAGE_STANDARD = "gnu++20";
				CLANG_ENABLE_MODULES = YES;
				CLANG_ENABLE_OBJC_ARC = YES;
				CLANG_ENABLE_OBJC_WEAK = YES;
				CLANG_WARN_BLOCK_CAPTURE_AUTORELEASING = YES;
				CLANG_WARN_BOOL_CONVERSION = YES;
				CLANG_WARN_COMMA = YES;
				CLANG_WARN_CONSTANT_CONVERSION = YES;
				CLANG_WARN_DEPRECATED_OBJC_IMPLEMENTATIONS = YES;
				CLANG_WARN_DIRECT_OBJC_ISA_USAGE = YES_ERROR;
				CLANG_WARN_DOCUMENTATION_COMMENTS = YES;
				CLANG_WARN_EMPTY_BODY = YES;
				CLANG_WARN_ENUM_CONVERSION = YES;
				CLANG_WARN_INFINITE_RECURSION = YES;
				CLANG_WARN_INT_CONVERSION = YES;
				CLANG_WARN_NON_LITERAL_NULL_CONVERSION = YES;
				CLANG_WARN_OBJC_IMPLICIT_RETAIN_SELF = YES;
				CLANG_WARN_OBJC_LITERAL_CONVERSION = YES;
				CLANG_WARN_OBJC_ROOT_CLASS = YES_ERROR;
				CLANG_WARN_QUOTED_INCLUDE_IN_FRAMEWORK_HEADER = YES;
				CLANG_WARN_RANGE_LOOP_ANALYSIS = YES;
				CLANG_WARN_STRICT_PROTOTYPES = YES;
				CLANG_WARN_SUSPICIOUS_MOVE = YES;
				CLANG_WARN_UNGUARDED_AVAILABILITY = YES_AGGRESSIVE;
				CLANG_WARN_UNREACHABLE_CODE = YES;
				CLANG_WARN__DUPLICATE_METHOD_MATCH = YES;
				COPY_PHASE_STRIP = NO;
				DEBUG_INFORMATION_FORMAT = "dwarf-with-dsym";
				ENABLE_NS_ASSERTIONS = NO;
				ENABLE_STRICT_OBJC_MSGSEND = YES;
				GCC_C_LANGUAGE_STANDARD = gnu11;
				GCC_NO_COMMON_BLOCKS = YES;
				GCC_WARN_64_TO_32_BIT_CONVERSION = YES;
				GCC_WARN_ABOUT_RETURN_TYPE = YES_ERROR;
				GCC_WARN_UNDECLARED_SELECTOR = YES;
				GCC_WARN_UNINITIALIZED_AUTOS = YES_AGGRESSIVE;
				GCC_WARN_UNUSED_FUNCTION = YES;
				GCC_WARN_UNUSED_VARIABLE = YES;
				IPHONEOS_DEPLOYMENT_TARGET = 16.4;
				MTL_ENABLE_DEBUG_INFO = NO;
				MTL_FAST_MATH = YES;
				SDKROOT = iphoneos;
				SWIFT_COMPILATION_MODE = wholemodule;
				SWIFT_OPTIMIZATION_LEVEL = "-O";
				VALIDATE_PRODUCT = YES;
			};
			name = Release;
		};
		1FB0F8372AB01488004AB459 /* Debug */ = {
			isa = XCBuildConfiguration;
			buildSettings = {
				ASSETCATALOG_COMPILER_APPICON_NAME = AppIcon;
				ASSETCATALOG_COMPILER_GLOBAL_ACCENT_COLOR_NAME = AccentColor;
				CODE_SIGN_STYLE = Automatic;
				CURRENT_PROJECT_VERSION = 1;
				DEVELOPMENT_ASSET_PATHS = "\"NatureID/Preview Content\"";
				DEVELOPMENT_TEAM = 69UD7P5BM6;
				ENABLE_PREVIEWS = YES;
				GENERATE_INFOPLIST_FILE = YES;
				INFOPLIST_KEY_UIApplicationSceneManifest_Generation = YES;
				INFOPLIST_KEY_UIApplicationSupportsIndirectInputEvents = YES;
				INFOPLIST_KEY_UILaunchScreen_Generation = YES;
				INFOPLIST_KEY_UISupportedInterfaceOrientations_iPad = "UIInterfaceOrientationPortrait UIInterfaceOrientationPortraitUpsideDown UIInterfaceOrientationLandscapeLeft UIInterfaceOrientationLandscapeRight";
				INFOPLIST_KEY_UISupportedInterfaceOrientations_iPhone = "UIInterfaceOrientationPortrait UIInterfaceOrientationLandscapeLeft UIInterfaceOrientationLandscapeRight";
				LD_RUNPATH_SEARCH_PATHS = (
					"$(inherited)",
					"@executable_path/Frameworks",
				);
				MARKETING_VERSION = 1.0;
				PRODUCT_BUNDLE_IDENTIFIER = com.kythanh.NatureID;
				PRODUCT_NAME = "$(TARGET_NAME)";
				SWIFT_EMIT_LOC_STRINGS = YES;
				SWIFT_VERSION = 5.0;
				TARGETED_DEVICE_FAMILY = "1,2";
			};
			name = Debug;
		};
		1FB0F8382AB01488004AB459 /* Release */ = {
			isa = XCBuildConfiguration;
			buildSettings = {
				ASSETCATALOG_COMPILER_APPICON_NAME = AppIcon;
				ASSETCATALOG_COMPILER_GLOBAL_ACCENT_COLOR_NAME = AccentColor;
				CODE_SIGN_STYLE = Automatic;
				CURRENT_PROJECT_VERSION = 1;
				DEVELOPMENT_ASSET_PATHS = "\"NatureID/Preview Content\"";
				DEVELOPMENT_TEAM = 69UD7P5BM6;
				ENABLE_PREVIEWS = YES;
				GENERATE_INFOPLIST_FILE = YES;
				INFOPLIST_KEY_UIApplicationSceneManifest_Generation = YES;
				INFOPLIST_KEY_UIApplicationSupportsIndirectInputEvents = YES;
				INFOPLIST_KEY_UILaunchScreen_Generation = YES;
				INFOPLIST_KEY_UISupportedInterfaceOrientations_iPad = "UIInterfaceOrientationPortrait UIInterfaceOrientationPortraitUpsideDown UIInterfaceOrientationLandscapeLeft UIInterfaceOrientationLandscapeRight";
				INFOPLIST_KEY_UISupportedInterfaceOrientations_iPhone = "UIInterfaceOrientationPortrait UIInterfaceOrientationLandscapeLeft UIInterfaceOrientationLandscapeRight";
				LD_RUNPATH_SEARCH_PATHS = (
					"$(inherited)",
					"@executable_path/Frameworks",
				);
				MARKETING_VERSION = 1.0;
				PRODUCT_BUNDLE_IDENTIFIER = com.kythanh.NatureID;
				PRODUCT_NAME = "$(TARGET_NAME)";
				SWIFT_EMIT_LOC_STRINGS = YES;
				SWIFT_VERSION = 5.0;
				TARGETED_DEVICE_FAMILY = "1,2";
			};
			name = Release;
		};
/* End XCBuildConfiguration section */

/* Begin XCConfigurationList section */
		1FB0F8232AB01483004AB459 /* Build configuration list for PBXProject "NatureID" */ = {
			isa = XCConfigurationList;
			buildConfigurations = (
				1FB0F8342AB01488004AB459 /* Debug */,
				1FB0F8352AB01488004AB459 /* Release */,
			);
			defaultConfigurationIsVisible = 0;
			defaultConfigurationName = Release;
		};
		1FB0F8362AB01488004AB459 /* Build configuration list for PBXNativeTarget "NatureID" */ = {
			isa = XCConfigurationList;
			buildConfigurations = (
				1FB0F8372AB01488004AB459 /* Debug */,
				1FB0F8382AB01488004AB459 /* Release */,
			);
			defaultConfigurationIsVisible = 0;
			defaultConfigurationName = Release;
		};
/* End XCConfigurationList section */

/* Begin XCRemoteSwiftPackageReference section */
		1FB0F8402AB01AC3004AB459 /* XCRemoteSwiftPackageReference "firebase-ios-sdk" */ = {
			isa = XCRemoteSwiftPackageReference;
			repositoryURL = "https://github.com/firebase/firebase-ios-sdk";
			requirement = {
				kind = upToNextMajorVersion;
				minimumVersion = 10.0.0;
			};
		};
/* End XCRemoteSwiftPackageReference section */

/* Begin XCSwiftPackageProductDependency section */
		1FB0F8412AB01AC3004AB459 /* FirebaseAuth */ = {
			isa = XCSwiftPackageProductDependency;
			package = 1FB0F8402AB01AC3004AB459 /* XCRemoteSwiftPackageReference "firebase-ios-sdk" */;
			productName = FirebaseAuth;
		};
		1FB0F8432AB01AC3004AB459 /* FirebaseFirestore */ = {
			isa = XCSwiftPackageProductDependency;
			package = 1FB0F8402AB01AC3004AB459 /* XCRemoteSwiftPackageReference "firebase-ios-sdk" */;
			productName = FirebaseFirestore;
		};
		1FB0F8452AB01AC3004AB459 /* FirebaseFirestoreCombine-Community */ = {
			isa = XCSwiftPackageProductDependency;
			package = 1FB0F8402AB01AC3004AB459 /* XCRemoteSwiftPackageReference "firebase-ios-sdk" */;
			productName = "FirebaseFirestoreCombine-Community";
		};
		1FB0F8472AB01AC3004AB459 /* FirebaseFirestoreSwift */ = {
			isa = XCSwiftPackageProductDependency;
			package = 1FB0F8402AB01AC3004AB459 /* XCRemoteSwiftPackageReference "firebase-ios-sdk" */;
			productName = FirebaseFirestoreSwift;
		};
		1FB0F8492AB01AC3004AB459 /* FirebaseStorage */ = {
			isa = XCSwiftPackageProductDependency;
			package = 1FB0F8402AB01AC3004AB459 /* XCRemoteSwiftPackageReference "firebase-ios-sdk" */;
			productName = FirebaseStorage;
		};
		1FB0F84B2AB01AC3004AB459 /* FirebaseStorageCombine-Community */ = {
			isa = XCSwiftPackageProductDependency;
			package = 1FB0F8402AB01AC3004AB459 /* XCRemoteSwiftPackageReference "firebase-ios-sdk" */;
			productName = "FirebaseStorageCombine-Community";
		};
/* End XCSwiftPackageProductDependency section */
	};
	rootObject = 1FB0F8202AB01483004AB459 /* Project object */;
}
